
Microsoft Visual Studio Solution File, Format Version 12.00
# Visual Studio Version 16
VisualStudioVersion = 16.0.30309.148
MinimumVisualStudioVersion = 10.0.40219.1
Project("{FAE04EC0-301F-11D3-BF4B-00C04F79EFBC}") = "Employee Login System Using RFID Reader", "Employee Login System Using RFID Reader\Employee Login System Using RFID Reader.csproj", "{53C32787-7C54-4861-B3C8-38115054C100}"
EndProject
Project("{2150E333-8FDC-42A3-9474-1A3956D46DE8}") = "Solution Items", "Solution Items", "{1F604638-D844-4C08-BB39-1DE62E5F1E79}"
	ProjectSection(SolutionItems) = preProject
		Employee Login System Using RFID Reader\Logo.PNG = Employee Login System Using RFID Reader\Logo.PNG
	EndProjectSection
EndProject
Global
	GlobalSection(SolutionConfigurationPlatforms) = preSolution
		Debug|Any CPU = Debug|Any CPU
		Release|Any CPU = Release|Any CPU
	EndGlobalSection
	GlobalSection(ProjectConfigurationPlatforms) = postSolution
		{53C32787-7C54-4861-B3C8-38115054C100}.Debug|Any CPU.ActiveCfg = Debug|Any CPU
		{53C32787-7C54-4861-B3C8-38115054C100}.Debug|Any CPU.Build.0 = Debug|Any CPU
		{53C32787-7C54-4861-B3C8-38115054C100}.Release|Any CPU.ActiveCfg = Release|Any CPU
		{53C32787-7C54-4861-B3C8-38115054C100}.Release|Any CPU.Build.0 = Release|Any CPU
	EndGlobalSection
	GlobalSection(SolutionProperties) = preSolution
		HideSolutionNode = FALSE
	EndGlobalSection
	GlobalSection(ExtensibilityGlobals) = postSolution
		SolutionGuid = {3299D689-0E00-48EF-AA87-F3FBEA48BF54}
	EndGlobalSection
EndGlobal
